
Microsoft Visual Studio Solution File, Format Version 12.00
# Visual Studio Version 17
VisualStudioVersion = 17.12.35527.113 d17.12
MinimumVisualStudioVersion = 10.0.40219.1
Project("{FAE04EC0-301F-11D3-BF4B-00C04F79EFBC}") = "MyCroBot", "MyCroBot\MyCroBot.csproj", "{DF036EB0-2186-4F87-8A9F-4A4CC1F35980}"
EndProject
Project("{FAE04EC0-301F-11D3-BF4B-00C04F79EFBC}") = "Exchange.Api", "Exchange.Api\Exchange.Api.csproj", "{DDF95912-24E2-43E2-83FA-BA09ADDAA321}"
EndProject
Global
	GlobalSection(SolutionConfigurationPlatforms) = preSolution
		Debug|Any CPU = Debug|Any CPU
		Release|Any CPU = Release|Any CPU
	EndGlobalSection
	GlobalSection(ProjectConfigurationPlatforms) = postSolution
		{DF036EB0-2186-4F87-8A9F-4A4CC1F35980}.Debug|Any CPU.ActiveCfg = Debug|Any CPU
		{DF036EB0-2186-4F87-8A9F-4A4CC1F35980}.Debug|Any CPU.Build.0 = Debug|Any CPU
		{DF036EB0-2186-4F87-8A9F-4A4CC1F35980}.Release|Any CPU.ActiveCfg = Release|Any CPU
		{DF036EB0-2186-4F87-8A9F-4A4CC1F35980}.Release|Any CPU.Build.0 = Release|Any CPU
		{DDF95912-24E2-43E2-83FA-BA09ADDAA321}.Debug|Any CPU.ActiveCfg = Debug|Any CPU
		{DDF95912-24E2-43E2-83FA-BA09ADDAA321}.Debug|Any CPU.Build.0 = Debug|Any CPU
		{DDF95912-24E2-43E2-83FA-BA09ADDAA321}.Release|Any CPU.ActiveCfg = Release|Any CPU
		{DDF95912-24E2-43E2-83FA-BA09ADDAA321}.Release|Any CPU.Build.0 = Release|Any CPU
	EndGlobalSection
	GlobalSection(SolutionProperties) = preSolution
		HideSolutionNode = FALSE
	EndGlobalSection
EndGlobal
